// !$*UTF8*$!
{
	archiveVersion = 1;
	classes = {
	};
	objectVersion = 56;
	objects = {

/* Begin PBXBuildFile section */
		651517ED2C3D9C9700BAFA56 /* ProductPaymentContract.swift in Sources */ = {isa = PBXBuildFile; fileRef = 651517EC2C3D9C9700BAFA56 /* ProductPaymentContract.swift */; };
		651517EF2C3DA34700BAFA56 /* ProductDetailPageContract.swift in Sources */ = {isa = PBXBuildFile; fileRef = 651517EE2C3DA34700BAFA56 /* ProductDetailPageContract.swift */; };
		651517F12C3DABF600BAFA56 /* LandingPageContract.swift in Sources */ = {isa = PBXBuildFile; fileRef = 651517F02C3DABF600BAFA56 /* LandingPageContract.swift */; };
		65B2A4C22C391A3C00F14762 /* AppDelegate.swift in Sources */ = {isa = PBXBuildFile; fileRef = 65B2A4C12C391A3C00F14762 /* AppDelegate.swift */; };
		65B2A4C42C391A3C00F14762 /* SceneDelegate.swift in Sources */ = {isa = PBXBuildFile; fileRef = 65B2A4C32C391A3C00F14762 /* SceneDelegate.swift */; };
		65B2A4CB2C391A3D00F14762 /* Assets.xcassets in Resources */ = {isa = PBXBuildFile; fileRef = 65B2A4CA2C391A3D00F14762 /* Assets.xcassets */; };
		65B2A4D92C391A3E00F14762 /* neoBankCloneTests.swift in Sources */ = {isa = PBXBuildFile; fileRef = 65B2A4D82C391A3E00F14762 /* neoBankCloneTests.swift */; };
		65B2A4E32C391A3E00F14762 /* neoBankCloneUITests.swift in Sources */ = {isa = PBXBuildFile; fileRef = 65B2A4E22C391A3E00F14762 /* neoBankCloneUITests.swift */; };
		65B2A4E52C391A3E00F14762 /* neoBankCloneUITestsLaunchTests.swift in Sources */ = {isa = PBXBuildFile; fileRef = 65B2A4E42C391A3E00F14762 /* neoBankCloneUITestsLaunchTests.swift */; };
		65B2A4F32C391B3500F14762 /* LandingPageViewController.swift in Sources */ = {isa = PBXBuildFile; fileRef = 65B2A4F22C391B3500F14762 /* LandingPageViewController.swift */; };
		65B2A5382C39354900F14762 /* LandingPageInteractor.swift in Sources */ = {isa = PBXBuildFile; fileRef = 65B2A5372C39354900F14762 /* LandingPageInteractor.swift */; };
		65B2A53A2C39355C00F14762 /* LandingPagePresenter.swift in Sources */ = {isa = PBXBuildFile; fileRef = 65B2A5392C39355C00F14762 /* LandingPagePresenter.swift */; };
		65B2A53C2C39357B00F14762 /* LandingPageRouter.swift in Sources */ = {isa = PBXBuildFile; fileRef = 65B2A53B2C39357B00F14762 /* LandingPageRouter.swift */; };
		65B2A5422C393CEA00F14762 /* RestApiRequest.swift in Sources */ = {isa = PBXBuildFile; fileRef = 65B2A5412C393CEA00F14762 /* RestApiRequest.swift */; };
		65B2A5462C393D3B00F14762 /* RestApiRequestInput.swift in Sources */ = {isa = PBXBuildFile; fileRef = 65B2A5452C393D3B00F14762 /* RestApiRequestInput.swift */; };
		65B2A5482C393FCD00F14762 /* RestApiServices.swift in Sources */ = {isa = PBXBuildFile; fileRef = 65B2A5472C393FCD00F14762 /* RestApiServices.swift */; };
		65B2A54B2C39528D00F14762 /* NeoProductModel.swift in Sources */ = {isa = PBXBuildFile; fileRef = 65B2A54A2C39528D00F14762 /* NeoProductModel.swift */; };
		65B2A54D2C398DE400F14762 /* DynamicTableView.swift in Sources */ = {isa = PBXBuildFile; fileRef = 65B2A54C2C398DE400F14762 /* DynamicTableView.swift */; };
		65B2A5502C398E2100F14762 /* NeoProductTableViewCell.swift in Sources */ = {isa = PBXBuildFile; fileRef = 65B2A54F2C398E2100F14762 /* NeoProductTableViewCell.swift */; };
		65B2A5522C39953F00F14762 /* UIColor+Extensions.swift in Sources */ = {isa = PBXBuildFile; fileRef = 65B2A5512C39953F00F14762 /* UIColor+Extensions.swift */; };
		65B2A5542C39A1A100F14762 /* UILabel+Extensions.swift in Sources */ = {isa = PBXBuildFile; fileRef = 65B2A5532C39A1A100F14762 /* UILabel+Extensions.swift */; };
		65B2A5562C39A3F700F14762 /* Int+Extensions.swift in Sources */ = {isa = PBXBuildFile; fileRef = 65B2A5552C39A3F700F14762 /* Int+Extensions.swift */; };
		65B2A55B2C3A596A00F14762 /* ProductDetailPageRouter.swift in Sources */ = {isa = PBXBuildFile; fileRef = 65B2A55A2C3A596A00F14762 /* ProductDetailPageRouter.swift */; };
		65B2A55D2C3A597200F14762 /* ProductDetailPageInteractor.swift in Sources */ = {isa = PBXBuildFile; fileRef = 65B2A55C2C3A597200F14762 /* ProductDetailPageInteractor.swift */; };
		65B2A55F2C3A598000F14762 /* ProductDetailPagePresenter.swift in Sources */ = {isa = PBXBuildFile; fileRef = 65B2A55E2C3A598000F14762 /* ProductDetailPagePresenter.swift */; };
		65B2A5612C3A5C6700F14762 /* ProductDetailViewController.swift in Sources */ = {isa = PBXBuildFile; fileRef = 65B2A5602C3A5C6700F14762 /* ProductDetailViewController.swift */; };
		65B2A5632C3A61CF00F14762 /* Theme.swift in Sources */ = {isa = PBXBuildFile; fileRef = 65B2A5622C3A61CF00F14762 /* Theme.swift */; };
		65B2A5652C3A628400F14762 /* UIView+Extensions.swift in Sources */ = {isa = PBXBuildFile; fileRef = 65B2A5642C3A628400F14762 /* UIView+Extensions.swift */; };
		65B2A5682C3A63A400F14762 /* NeoProductDetailHeaderTableViewCell.swift in Sources */ = {isa = PBXBuildFile; fileRef = 65B2A5672C3A63A400F14762 /* NeoProductDetailHeaderTableViewCell.swift */; };
		65B2A56A2C3A661400F14762 /* NeoProductDetailAmountTableViewCell.swift in Sources */ = {isa = PBXBuildFile; fileRef = 65B2A5692C3A661400F14762 /* NeoProductDetailAmountTableViewCell.swift */; };
		65B2A56C2C3A698C00F14762 /* UIViewController+Extensions.swift in Sources */ = {isa = PBXBuildFile; fileRef = 65B2A56B2C3A698C00F14762 /* UIViewController+Extensions.swift */; };
		65B2A56E2C3A7CB800F14762 /* CustomCellSeparatorView.swift in Sources */ = {isa = PBXBuildFile; fileRef = 65B2A56D2C3A7CB800F14762 /* CustomCellSeparatorView.swift */; };
		65B2A5702C3A9C4900F14762 /* UIFont+Extensions.swift in Sources */ = {isa = PBXBuildFile; fileRef = 65B2A56F2C3A9C4800F14762 /* UIFont+Extensions.swift */; };
		65B2A5732C3A9D8000F14762 /* Poppins-Regular.ttf in Resources */ = {isa = PBXBuildFile; fileRef = 65B2A5722C3A9D8000F14762 /* Poppins-Regular.ttf */; };
		65B2A5752C3AE49400F14762 /* NeoProductRolloverTableViewCell.swift in Sources */ = {isa = PBXBuildFile; fileRef = 65B2A5742C3AE49400F14762 /* NeoProductRolloverTableViewCell.swift */; };
		65B2A5772C3AE92B00F14762 /* NeoProductOpeningTableViewCell.swift in Sources */ = {isa = PBXBuildFile; fileRef = 65B2A5762C3AE92B00F14762 /* NeoProductOpeningTableViewCell.swift */; };
		65BAE93F2C3BDD3A0066AD58 /* UITextField+Extensions.swift in Sources */ = {isa = PBXBuildFile; fileRef = 65BAE93E2C3BDD3A0066AD58 /* UITextField+Extensions.swift */; };
		65BAE9412C3BE8060066AD58 /* Double+Extensions.swift in Sources */ = {isa = PBXBuildFile; fileRef = 65BAE9402C3BE8060066AD58 /* Double+Extensions.swift */; };
		65BAE9432C3C1EDD0066AD58 /* RolloverPopupModalViewController.swift in Sources */ = {isa = PBXBuildFile; fileRef = 65BAE9422C3C1EDD0066AD58 /* RolloverPopupModalViewController.swift */; };
		65BAE9462C3C20F00066AD58 /* BottomSheetOptionTableViewCell.swift in Sources */ = {isa = PBXBuildFile; fileRef = 65BAE9452C3C20F00066AD58 /* BottomSheetOptionTableViewCell.swift */; };
		65BAE9482C3C22340066AD58 /* HalfScreenPresentationController.swift in Sources */ = {isa = PBXBuildFile; fileRef = 65BAE9472C3C22340066AD58 /* HalfScreenPresentationController.swift */; };
		65BAE94A2C3C41770066AD58 /* LeftAlignedCollectionViewFlowLayout.swift in Sources */ = {isa = PBXBuildFile; fileRef = 65BAE9492C3C41770066AD58 /* LeftAlignedCollectionViewFlowLayout.swift */; };
		65BAE94D2C3C41A90066AD58 /* NominalCollectionViewCell.swift in Sources */ = {isa = PBXBuildFile; fileRef = 65BAE94C2C3C41A90066AD58 /* NominalCollectionViewCell.swift */; };
		65BAE9512C3C45A40066AD58 /* NeoProductDetailSelectionModel.swift in Sources */ = {isa = PBXBuildFile; fileRef = 65BAE9502C3C45A40066AD58 /* NeoProductDetailSelectionModel.swift */; };
		65BAE9552C3C48AA0066AD58 /* ProductPaymentViewController.swift in Sources */ = {isa = PBXBuildFile; fileRef = 65BAE9542C3C48AA0066AD58 /* ProductPaymentViewController.swift */; };
		65BAE9572C3C48E50066AD58 /* ProductPaymentRouter.swift in Sources */ = {isa = PBXBuildFile; fileRef = 65BAE9562C3C48E50066AD58 /* ProductPaymentRouter.swift */; };
		65BAE95B2C3CE5740066AD58 /* NeoProductPaymentHeaderTableViewCell.swift in Sources */ = {isa = PBXBuildFile; fileRef = 65BAE95A2C3CE5740066AD58 /* NeoProductPaymentHeaderTableViewCell.swift */; };
		65BAE95D2C3CFD110066AD58 /* PaddingLabel.swift in Sources */ = {isa = PBXBuildFile; fileRef = 65BAE95C2C3CFD110066AD58 /* PaddingLabel.swift */; };
		65BAE95F2C3CFFF90066AD58 /* NeoProductPaymentListTableViewCell.swift in Sources */ = {isa = PBXBuildFile; fileRef = 65BAE95E2C3CFFF90066AD58 /* NeoProductPaymentListTableViewCell.swift */; };
		65BAE9612C3D6D320066AD58 /* NeoProductPaymentMethodTableViewCell.swift in Sources */ = {isa = PBXBuildFile; fileRef = 65BAE9602C3D6D320066AD58 /* NeoProductPaymentMethodTableViewCell.swift */; };
		65BAE9652C3D80150066AD58 /* ProductPaymentInteractor.swift in Sources */ = {isa = PBXBuildFile; fileRef = 65BAE9642C3D80150066AD58 /* ProductPaymentInteractor.swift */; };
		65BAE9672C3D82220066AD58 /* JSONDecoder.swift in Sources */ = {isa = PBXBuildFile; fileRef = 65BAE9662C3D82220066AD58 /* JSONDecoder.swift */; };
		65BAE9692C3D84A80066AD58 /* PaymentDataModel.swift in Sources */ = {isa = PBXBuildFile; fileRef = 65BAE9682C3D84A80066AD58 /* PaymentDataModel.swift */; };
		65BAE96B2C3D84CA0066AD58 /* ProductPaymentPresenter.swift in Sources */ = {isa = PBXBuildFile; fileRef = 65BAE96A2C3D84CA0066AD58 /* ProductPaymentPresenter.swift */; };
		65BAE9A32C3D88E70066AD58 /* banklist.json in Resources */ = {isa = PBXBuildFile; fileRef = 65BAE9A22C3D88E60066AD58 /* banklist.json */; };
/* End PBXBuildFile section */

/* Begin PBXContainerItemProxy section */
		65B2A4D52C391A3E00F14762 /* PBXContainerItemProxy */ = {
			isa = PBXContainerItemProxy;
			containerPortal = 65B2A4B62C391A3B00F14762 /* Project object */;
			proxyType = 1;
			remoteGlobalIDString = 65B2A4BD2C391A3C00F14762;
			remoteInfo = neoBankClone;
		};
		65B2A4DF2C391A3E00F14762 /* PBXContainerItemProxy */ = {
			isa = PBXContainerItemProxy;
			containerPortal = 65B2A4B62C391A3B00F14762 /* Project object */;
			proxyType = 1;
			remoteGlobalIDString = 65B2A4BD2C391A3C00F14762;
			remoteInfo = neoBankClone;
		};
/* End PBXContainerItemProxy section */

/* Begin PBXFileReference section */
		651517EC2C3D9C9700BAFA56 /* ProductPaymentContract.swift */ = {isa = PBXFileReference; lastKnownFileType = sourcecode.swift; path = ProductPaymentContract.swift; sourceTree = "<group>"; };
		651517EE2C3DA34700BAFA56 /* ProductDetailPageContract.swift */ = {isa = PBXFileReference; lastKnownFileType = sourcecode.swift; path = ProductDetailPageContract.swift; sourceTree = "<group>"; };
		651517F02C3DABF600BAFA56 /* LandingPageContract.swift */ = {isa = PBXFileReference; lastKnownFileType = sourcecode.swift; path = LandingPageContract.swift; sourceTree = "<group>"; };
		65B2A4BE2C391A3C00F14762 /* neoBankClone.app */ = {isa = PBXFileReference; explicitFileType = wrapper.application; includeInIndex = 0; path = neoBankClone.app; sourceTree = BUILT_PRODUCTS_DIR; };
		65B2A4C12C391A3C00F14762 /* AppDelegate.swift */ = {isa = PBXFileReference; lastKnownFileType = sourcecode.swift; path = AppDelegate.swift; sourceTree = "<group>"; };
		65B2A4C32C391A3C00F14762 /* SceneDelegate.swift */ = {isa = PBXFileReference; lastKnownFileType = sourcecode.swift; path = SceneDelegate.swift; sourceTree = "<group>"; };
		65B2A4CA2C391A3D00F14762 /* Assets.xcassets */ = {isa = PBXFileReference; lastKnownFileType = folder.assetcatalog; path = Assets.xcassets; sourceTree = "<group>"; };
		65B2A4CF2C391A3D00F14762 /* Info.plist */ = {isa = PBXFileReference; lastKnownFileType = text.plist.xml; path = Info.plist; sourceTree = "<group>"; };
		65B2A4D42C391A3E00F14762 /* neoBankCloneTests.xctest */ = {isa = PBXFileReference; explicitFileType = wrapper.cfbundle; includeInIndex = 0; path = neoBankCloneTests.xctest; sourceTree = BUILT_PRODUCTS_DIR; };
		65B2A4D82C391A3E00F14762 /* neoBankCloneTests.swift */ = {isa = PBXFileReference; lastKnownFileType = sourcecode.swift; path = neoBankCloneTests.swift; sourceTree = "<group>"; };
		65B2A4DE2C391A3E00F14762 /* neoBankCloneUITests.xctest */ = {isa = PBXFileReference; explicitFileType = wrapper.cfbundle; includeInIndex = 0; path = neoBankCloneUITests.xctest; sourceTree = BUILT_PRODUCTS_DIR; };
		65B2A4E22C391A3E00F14762 /* neoBankCloneUITests.swift */ = {isa = PBXFileReference; lastKnownFileType = sourcecode.swift; path = neoBankCloneUITests.swift; sourceTree = "<group>"; };
		65B2A4E42C391A3E00F14762 /* neoBankCloneUITestsLaunchTests.swift */ = {isa = PBXFileReference; lastKnownFileType = sourcecode.swift; path = neoBankCloneUITestsLaunchTests.swift; sourceTree = "<group>"; };
		65B2A4F22C391B3500F14762 /* LandingPageViewController.swift */ = {isa = PBXFileReference; lastKnownFileType = sourcecode.swift; path = LandingPageViewController.swift; sourceTree = "<group>"; };
		65B2A5372C39354900F14762 /* LandingPageInteractor.swift */ = {isa = PBXFileReference; lastKnownFileType = sourcecode.swift; path = LandingPageInteractor.swift; sourceTree = "<group>"; };
		65B2A5392C39355C00F14762 /* LandingPagePresenter.swift */ = {isa = PBXFileReference; lastKnownFileType = sourcecode.swift; path = LandingPagePresenter.swift; sourceTree = "<group>"; };
		65B2A53B2C39357B00F14762 /* LandingPageRouter.swift */ = {isa = PBXFileReference; lastKnownFileType = sourcecode.swift; path = LandingPageRouter.swift; sourceTree = "<group>"; };
		65B2A5412C393CEA00F14762 /* RestApiRequest.swift */ = {isa = PBXFileReference; lastKnownFileType = sourcecode.swift; path = RestApiRequest.swift; sourceTree = "<group>"; };
		65B2A5452C393D3B00F14762 /* RestApiRequestInput.swift */ = {isa = PBXFileReference; lastKnownFileType = sourcecode.swift; path = RestApiRequestInput.swift; sourceTree = "<group>"; };
		65B2A5472C393FCD00F14762 /* RestApiServices.swift */ = {isa = PBXFileReference; lastKnownFileType = sourcecode.swift; path = RestApiServices.swift; sourceTree = "<group>"; };
		65B2A54A2C39528D00F14762 /* NeoProductModel.swift */ = {isa = PBXFileReference; lastKnownFileType = sourcecode.swift; path = NeoProductModel.swift; sourceTree = "<group>"; };
		65B2A54C2C398DE400F14762 /* DynamicTableView.swift */ = {isa = PBXFileReference; lastKnownFileType = sourcecode.swift; path = DynamicTableView.swift; sourceTree = "<group>"; };
		65B2A54F2C398E2100F14762 /* NeoProductTableViewCell.swift */ = {isa = PBXFileReference; lastKnownFileType = sourcecode.swift; path = NeoProductTableViewCell.swift; sourceTree = "<group>"; };
		65B2A5512C39953F00F14762 /* UIColor+Extensions.swift */ = {isa = PBXFileReference; lastKnownFileType = sourcecode.swift; path = "UIColor+Extensions.swift"; sourceTree = "<group>"; };
		65B2A5532C39A1A100F14762 /* UILabel+Extensions.swift */ = {isa = PBXFileReference; lastKnownFileType = sourcecode.swift; path = "UILabel+Extensions.swift"; sourceTree = "<group>"; };
		65B2A5552C39A3F700F14762 /* Int+Extensions.swift */ = {isa = PBXFileReference; lastKnownFileType = sourcecode.swift; path = "Int+Extensions.swift"; sourceTree = "<group>"; };
		65B2A55A2C3A596A00F14762 /* ProductDetailPageRouter.swift */ = {isa = PBXFileReference; lastKnownFileType = sourcecode.swift; path = ProductDetailPageRouter.swift; sourceTree = "<group>"; };
		65B2A55C2C3A597200F14762 /* ProductDetailPageInteractor.swift */ = {isa = PBXFileReference; lastKnownFileType = sourcecode.swift; path = ProductDetailPageInteractor.swift; sourceTree = "<group>"; };
		65B2A55E2C3A598000F14762 /* ProductDetailPagePresenter.swift */ = {isa = PBXFileReference; lastKnownFileType = sourcecode.swift; path = ProductDetailPagePresenter.swift; sourceTree = "<group>"; };
		65B2A5602C3A5C6700F14762 /* ProductDetailViewController.swift */ = {isa = PBXFileReference; lastKnownFileType = sourcecode.swift; path = ProductDetailViewController.swift; sourceTree = "<group>"; };
		65B2A5622C3A61CF00F14762 /* Theme.swift */ = {isa = PBXFileReference; lastKnownFileType = sourcecode.swift; path = Theme.swift; sourceTree = "<group>"; };
		65B2A5642C3A628400F14762 /* UIView+Extensions.swift */ = {isa = PBXFileReference; lastKnownFileType = sourcecode.swift; path = "UIView+Extensions.swift"; sourceTree = "<group>"; };
		65B2A5672C3A63A400F14762 /* NeoProductDetailHeaderTableViewCell.swift */ = {isa = PBXFileReference; lastKnownFileType = sourcecode.swift; path = NeoProductDetailHeaderTableViewCell.swift; sourceTree = "<group>"; };
		65B2A5692C3A661400F14762 /* NeoProductDetailAmountTableViewCell.swift */ = {isa = PBXFileReference; lastKnownFileType = sourcecode.swift; path = NeoProductDetailAmountTableViewCell.swift; sourceTree = "<group>"; };
		65B2A56B2C3A698C00F14762 /* UIViewController+Extensions.swift */ = {isa = PBXFileReference; lastKnownFileType = sourcecode.swift; path = "UIViewController+Extensions.swift"; sourceTree = "<group>"; };
		65B2A56D2C3A7CB800F14762 /* CustomCellSeparatorView.swift */ = {isa = PBXFileReference; lastKnownFileType = sourcecode.swift; path = CustomCellSeparatorView.swift; sourceTree = "<group>"; };
		65B2A56F2C3A9C4800F14762 /* UIFont+Extensions.swift */ = {isa = PBXFileReference; lastKnownFileType = sourcecode.swift; path = "UIFont+Extensions.swift"; sourceTree = "<group>"; };
		65B2A5722C3A9D8000F14762 /* Poppins-Regular.ttf */ = {isa = PBXFileReference; lastKnownFileType = file; path = "Poppins-Regular.ttf"; sourceTree = "<group>"; };
		65B2A5742C3AE49400F14762 /* NeoProductRolloverTableViewCell.swift */ = {isa = PBXFileReference; lastKnownFileType = sourcecode.swift; path = NeoProductRolloverTableViewCell.swift; sourceTree = "<group>"; };
		65B2A5762C3AE92B00F14762 /* NeoProductOpeningTableViewCell.swift */ = {isa = PBXFileReference; lastKnownFileType = sourcecode.swift; path = NeoProductOpeningTableViewCell.swift; sourceTree = "<group>"; };
		65BAE93E2C3BDD3A0066AD58 /* UITextField+Extensions.swift */ = {isa = PBXFileReference; lastKnownFileType = sourcecode.swift; path = "UITextField+Extensions.swift"; sourceTree = "<group>"; };
		65BAE9402C3BE8060066AD58 /* Double+Extensions.swift */ = {isa = PBXFileReference; lastKnownFileType = sourcecode.swift; path = "Double+Extensions.swift"; sourceTree = "<group>"; };
		65BAE9422C3C1EDD0066AD58 /* RolloverPopupModalViewController.swift */ = {isa = PBXFileReference; lastKnownFileType = sourcecode.swift; path = RolloverPopupModalViewController.swift; sourceTree = "<group>"; };
		65BAE9452C3C20F00066AD58 /* BottomSheetOptionTableViewCell.swift */ = {isa = PBXFileReference; lastKnownFileType = sourcecode.swift; path = BottomSheetOptionTableViewCell.swift; sourceTree = "<group>"; };
		65BAE9472C3C22340066AD58 /* HalfScreenPresentationController.swift */ = {isa = PBXFileReference; lastKnownFileType = sourcecode.swift; path = HalfScreenPresentationController.swift; sourceTree = "<group>"; };
		65BAE9492C3C41770066AD58 /* LeftAlignedCollectionViewFlowLayout.swift */ = {isa = PBXFileReference; lastKnownFileType = sourcecode.swift; path = LeftAlignedCollectionViewFlowLayout.swift; sourceTree = "<group>"; };
		65BAE94C2C3C41A90066AD58 /* NominalCollectionViewCell.swift */ = {isa = PBXFileReference; lastKnownFileType = sourcecode.swift; path = NominalCollectionViewCell.swift; sourceTree = "<group>"; };
		65BAE9502C3C45A40066AD58 /* NeoProductDetailSelectionModel.swift */ = {isa = PBXFileReference; lastKnownFileType = sourcecode.swift; path = NeoProductDetailSelectionModel.swift; sourceTree = "<group>"; };
		65BAE9542C3C48AA0066AD58 /* ProductPaymentViewController.swift */ = {isa = PBXFileReference; lastKnownFileType = sourcecode.swift; path = ProductPaymentViewController.swift; sourceTree = "<group>"; };
		65BAE9562C3C48E50066AD58 /* ProductPaymentRouter.swift */ = {isa = PBXFileReference; lastKnownFileType = sourcecode.swift; path = ProductPaymentRouter.swift; sourceTree = "<group>"; };
		65BAE95A2C3CE5740066AD58 /* NeoProductPaymentHeaderTableViewCell.swift */ = {isa = PBXFileReference; lastKnownFileType = sourcecode.swift; path = NeoProductPaymentHeaderTableViewCell.swift; sourceTree = "<group>"; };
		65BAE95C2C3CFD110066AD58 /* PaddingLabel.swift */ = {isa = PBXFileReference; lastKnownFileType = sourcecode.swift; path = PaddingLabel.swift; sourceTree = "<group>"; };
		65BAE95E2C3CFFF90066AD58 /* NeoProductPaymentListTableViewCell.swift */ = {isa = PBXFileReference; lastKnownFileType = sourcecode.swift; path = NeoProductPaymentListTableViewCell.swift; sourceTree = "<group>"; };
		65BAE9602C3D6D320066AD58 /* NeoProductPaymentMethodTableViewCell.swift */ = {isa = PBXFileReference; lastKnownFileType = sourcecode.swift; path = NeoProductPaymentMethodTableViewCell.swift; sourceTree = "<group>"; };
		65BAE9642C3D80150066AD58 /* ProductPaymentInteractor.swift */ = {isa = PBXFileReference; lastKnownFileType = sourcecode.swift; path = ProductPaymentInteractor.swift; sourceTree = "<group>"; };
		65BAE9662C3D82220066AD58 /* JSONDecoder.swift */ = {isa = PBXFileReference; lastKnownFileType = sourcecode.swift; path = JSONDecoder.swift; sourceTree = "<group>"; };
		65BAE9682C3D84A80066AD58 /* PaymentDataModel.swift */ = {isa = PBXFileReference; lastKnownFileType = sourcecode.swift; path = PaymentDataModel.swift; sourceTree = "<group>"; };
		65BAE96A2C3D84CA0066AD58 /* ProductPaymentPresenter.swift */ = {isa = PBXFileReference; lastKnownFileType = sourcecode.swift; path = ProductPaymentPresenter.swift; sourceTree = "<group>"; };
		65BAE9A22C3D88E60066AD58 /* banklist.json */ = {isa = PBXFileReference; fileEncoding = 4; lastKnownFileType = text.json; path = banklist.json; sourceTree = "<group>"; };
/* End PBXFileReference section */

/* Begin PBXFrameworksBuildPhase section */
		65B2A4BB2C391A3C00F14762 /* Frameworks */ = {
			isa = PBXFrameworksBuildPhase;
			buildActionMask = 2147483647;
			files = (
			);
			runOnlyForDeploymentPostprocessing = 0;
		};
		65B2A4D12C391A3E00F14762 /* Frameworks */ = {
			isa = PBXFrameworksBuildPhase;
			buildActionMask = 2147483647;
			files = (
			);
			runOnlyForDeploymentPostprocessing = 0;
		};
		65B2A4DB2C391A3E00F14762 /* Frameworks */ = {
			isa = PBXFrameworksBuildPhase;
			buildActionMask = 2147483647;
			files = (
			);
			runOnlyForDeploymentPostprocessing = 0;
		};
/* End PBXFrameworksBuildPhase section */

/* Begin PBXGroup section */
		65B2A4B52C391A3B00F14762 = {
			isa = PBXGroup;
			children = (
				65B2A4C02C391A3C00F14762 /* neoBankClone */,
				65B2A4D72C391A3E00F14762 /* neoBankCloneTests */,
				65B2A4E12C391A3E00F14762 /* neoBankCloneUITests */,
				65B2A4BF2C391A3C00F14762 /* Products */,
			);
			sourceTree = "<group>";
		};
		65B2A4BF2C391A3C00F14762 /* Products */ = {
			isa = PBXGroup;
			children = (
				65B2A4BE2C391A3C00F14762 /* neoBankClone.app */,
				65B2A4D42C391A3E00F14762 /* neoBankCloneTests.xctest */,
				65B2A4DE2C391A3E00F14762 /* neoBankCloneUITests.xctest */,
			);
			name = Products;
			sourceTree = "<group>";
		};
		65B2A4C02C391A3C00F14762 /* neoBankClone */ = {
			isa = PBXGroup;
			children = (
				65B2A4F42C3933AB00F14762 /* App */,
				65B2A4F12C391AFD00F14762 /* Module */,
				65B2A4F82C39340500F14762 /* Class */,
				65B2A4F92C39340F00F14762 /* Resources */,
				65B2A4CF2C391A3D00F14762 /* Info.plist */,
			);
			path = neoBankClone;
			sourceTree = "<group>";
		};
		65B2A4D72C391A3E00F14762 /* neoBankCloneTests */ = {
			isa = PBXGroup;
			children = (
				65B2A4D82C391A3E00F14762 /* neoBankCloneTests.swift */,
			);
			path = neoBankCloneTests;
			sourceTree = "<group>";
		};
		65B2A4E12C391A3E00F14762 /* neoBankCloneUITests */ = {
			isa = PBXGroup;
			children = (
				65B2A4E22C391A3E00F14762 /* neoBankCloneUITests.swift */,
				65B2A4E42C391A3E00F14762 /* neoBankCloneUITestsLaunchTests.swift */,
			);
			path = neoBankCloneUITests;
			sourceTree = "<group>";
		};
		65B2A4F12C391AFD00F14762 /* Module */ = {
			isa = PBXGroup;
			children = (
				65B2A4F72C3933CE00F14762 /* Payment */,
				65B2A4F62C3933C000F14762 /* DetailProduct */,
				65B2A4F52C3933BA00F14762 /* Landing */,
			);
			path = Module;
			sourceTree = "<group>";
		};
		65B2A4F42C3933AB00F14762 /* App */ = {
			isa = PBXGroup;
			children = (
				65B2A4C32C391A3C00F14762 /* SceneDelegate.swift */,
				65B2A4C12C391A3C00F14762 /* AppDelegate.swift */,
			);
			path = App;
			sourceTree = "<group>";
		};
		65B2A4F52C3933BA00F14762 /* Landing */ = {
			isa = PBXGroup;
			children = (
				65B2A5492C39527300F14762 /* Entity */,
				65B2A5352C39352600F14762 /* View */,
				65B2A5372C39354900F14762 /* LandingPageInteractor.swift */,
				65B2A5392C39355C00F14762 /* LandingPagePresenter.swift */,
				65B2A53B2C39357B00F14762 /* LandingPageRouter.swift */,
				651517F02C3DABF600BAFA56 /* LandingPageContract.swift */,
			);
			path = Landing;
			sourceTree = "<group>";
		};
		65B2A4F62C3933C000F14762 /* DetailProduct */ = {
			isa = PBXGroup;
			children = (
				65B2A5592C3A594C00F14762 /* Entity */,
				65B2A5582C3A594800F14762 /* View */,
				65B2A55A2C3A596A00F14762 /* ProductDetailPageRouter.swift */,
				65B2A55C2C3A597200F14762 /* ProductDetailPageInteractor.swift */,
				65B2A55E2C3A598000F14762 /* ProductDetailPagePresenter.swift */,
				651517EE2C3DA34700BAFA56 /* ProductDetailPageContract.swift */,
			);
			path = DetailProduct;
			sourceTree = "<group>";
		};
		65B2A4F72C3933CE00F14762 /* Payment */ = {
			isa = PBXGroup;
			children = (
				65BAE9532C3C488D0066AD58 /* View */,
				65BAE9522C3C48880066AD58 /* Entity */,
				65BAE9562C3C48E50066AD58 /* ProductPaymentRouter.swift */,
				65BAE9642C3D80150066AD58 /* ProductPaymentInteractor.swift */,
				65BAE96A2C3D84CA0066AD58 /* ProductPaymentPresenter.swift */,
				651517EC2C3D9C9700BAFA56 /* ProductPaymentContract.swift */,
			);
			path = Payment;
			sourceTree = "<group>";
		};
		65B2A4F82C39340500F14762 /* Class */ = {
			isa = PBXGroup;
			children = (
				65B2A4FA2C39342300F14762 /* Common */,
			);
			path = Class;
			sourceTree = "<group>";
		};
		65B2A4F92C39340F00F14762 /* Resources */ = {
			isa = PBXGroup;
			children = (
				65BAE9622C3D71CA0066AD58 /* JSON */,
				65B2A5712C3A9D5900F14762 /* Font */,
				65B2A4CA2C391A3D00F14762 /* Assets.xcassets */,
			);
			path = Resources;
			sourceTree = "<group>";
		};
		65B2A4FA2C39342300F14762 /* Common */ = {
			isa = PBXGroup;
			children = (
				65B2A4FE2C39345B00F14762 /* Utils */,
				65B2A4FD2C39344D00F14762 /* Networking */,
				65B2A4FC2C39344800F14762 /* UI */,
				65B2A4FB2C39342E00F14762 /* Extensions */,
			);
			path = Common;
			sourceTree = "<group>";
		};
		65B2A4FB2C39342E00F14762 /* Extensions */ = {
			isa = PBXGroup;
			children = (
				65B2A5552C39A3F700F14762 /* Int+Extensions.swift */,
				65BAE9402C3BE8060066AD58 /* Double+Extensions.swift */,
			);
			path = Extensions;
			sourceTree = "<group>";
		};
		65B2A4FC2C39344800F14762 /* UI */ = {
			isa = PBXGroup;
			children = (
				65B2A54C2C398DE400F14762 /* DynamicTableView.swift */,
				65B2A5512C39953F00F14762 /* UIColor+Extensions.swift */,
				65B2A5532C39A1A100F14762 /* UILabel+Extensions.swift */,
				65B2A5622C3A61CF00F14762 /* Theme.swift */,
				65B2A5642C3A628400F14762 /* UIView+Extensions.swift */,
				65B2A56B2C3A698C00F14762 /* UIViewController+Extensions.swift */,
				65B2A56D2C3A7CB800F14762 /* CustomCellSeparatorView.swift */,
				65B2A56F2C3A9C4800F14762 /* UIFont+Extensions.swift */,
				65BAE93E2C3BDD3A0066AD58 /* UITextField+Extensions.swift */,
				65BAE9472C3C22340066AD58 /* HalfScreenPresentationController.swift */,
				65BAE9492C3C41770066AD58 /* LeftAlignedCollectionViewFlowLayout.swift */,
				65BAE95C2C3CFD110066AD58 /* PaddingLabel.swift */,
			);
			path = UI;
			sourceTree = "<group>";
		};
		65B2A4FD2C39344D00F14762 /* Networking */ = {
			isa = PBXGroup;
			children = (
				65B2A5412C393CEA00F14762 /* RestApiRequest.swift */,
				65B2A5452C393D3B00F14762 /* RestApiRequestInput.swift */,
				65B2A5472C393FCD00F14762 /* RestApiServices.swift */,
				65BAE9662C3D82220066AD58 /* JSONDecoder.swift */,
			);
			path = Networking;
			sourceTree = "<group>";
		};
		65B2A4FE2C39345B00F14762 /* Utils */ = {
			isa = PBXGroup;
			children = (
			);
			path = Utils;
			sourceTree = "<group>";
		};
		65B2A5352C39352600F14762 /* View */ = {
			isa = PBXGroup;
			children = (
				65B2A54E2C398DF600F14762 /* Cell */,
				65B2A4F22C391B3500F14762 /* LandingPageViewController.swift */,
			);
			path = View;
			sourceTree = "<group>";
		};
		65B2A5492C39527300F14762 /* Entity */ = {
			isa = PBXGroup;
			children = (
				65B2A54A2C39528D00F14762 /* NeoProductModel.swift */,
			);
			path = Entity;
			sourceTree = "<group>";
		};
		65B2A54E2C398DF600F14762 /* Cell */ = {
			isa = PBXGroup;
			children = (
				65B2A54F2C398E2100F14762 /* NeoProductTableViewCell.swift */,
			);
			path = Cell;
			sourceTree = "<group>";
		};
		65B2A5582C3A594800F14762 /* View */ = {
			isa = PBXGroup;
			children = (
				65B2A5662C3A638200F14762 /* Cells */,
				65B2A5602C3A5C6700F14762 /* ProductDetailViewController.swift */,
			);
			path = View;
			sourceTree = "<group>";
		};
		65B2A5592C3A594C00F14762 /* Entity */ = {
			isa = PBXGroup;
			children = (
				65BAE9502C3C45A40066AD58 /* NeoProductDetailSelectionModel.swift */,
			);
			path = Entity;
			sourceTree = "<group>";
		};
		65B2A5662C3A638200F14762 /* Cells */ = {
			isa = PBXGroup;
			children = (
				65BAE94B2C3C41920066AD58 /* Amount */,
				65BAE9442C3C20D70066AD58 /* RolloverModal */,
				65B2A5672C3A63A400F14762 /* NeoProductDetailHeaderTableViewCell.swift */,
				65B2A5692C3A661400F14762 /* NeoProductDetailAmountTableViewCell.swift */,
				65B2A5742C3AE49400F14762 /* NeoProductRolloverTableViewCell.swift */,
				65B2A5762C3AE92B00F14762 /* NeoProductOpeningTableViewCell.swift */,
			);
			path = Cells;
			sourceTree = "<group>";
		};
		65B2A5712C3A9D5900F14762 /* Font */ = {
			isa = PBXGroup;
			children = (
				65B2A5722C3A9D8000F14762 /* Poppins-Regular.ttf */,
			);
			path = Font;
			sourceTree = "<group>";
		};
		65BAE9442C3C20D70066AD58 /* RolloverModal */ = {
			isa = PBXGroup;
			children = (
				65BAE9422C3C1EDD0066AD58 /* RolloverPopupModalViewController.swift */,
				65BAE9452C3C20F00066AD58 /* BottomSheetOptionTableViewCell.swift */,
			);
			path = RolloverModal;
			sourceTree = "<group>";
		};
		65BAE94B2C3C41920066AD58 /* Amount */ = {
			isa = PBXGroup;
			children = (
				65BAE94C2C3C41A90066AD58 /* NominalCollectionViewCell.swift */,
			);
			path = Amount;
			sourceTree = "<group>";
		};
		65BAE9522C3C48880066AD58 /* Entity */ = {
			isa = PBXGroup;
			children = (
				65BAE9682C3D84A80066AD58 /* PaymentDataModel.swift */,
			);
			path = Entity;
			sourceTree = "<group>";
		};
		65BAE9532C3C488D0066AD58 /* View */ = {
			isa = PBXGroup;
			children = (
				65BAE9582C3CE54F0066AD58 /* Cells */,
				65BAE9542C3C48AA0066AD58 /* ProductPaymentViewController.swift */,
			);
			path = View;
			sourceTree = "<group>";
		};
		65BAE9582C3CE54F0066AD58 /* Cells */ = {
			isa = PBXGroup;
			children = (
				65BAE95A2C3CE5740066AD58 /* NeoProductPaymentHeaderTableViewCell.swift */,
				65BAE95E2C3CFFF90066AD58 /* NeoProductPaymentListTableViewCell.swift */,
				65BAE9602C3D6D320066AD58 /* NeoProductPaymentMethodTableViewCell.swift */,
			);
			path = Cells;
			sourceTree = "<group>";
		};
		65BAE9622C3D71CA0066AD58 /* JSON */ = {
			isa = PBXGroup;
			children = (
				65BAE9A22C3D88E60066AD58 /* banklist.json */,
			);
			path = JSON;
			sourceTree = "<group>";
		};
/* End PBXGroup section */

/* Begin PBXNativeTarget section */
		65B2A4BD2C391A3C00F14762 /* neoBankClone */ = {
			isa = PBXNativeTarget;
			buildConfigurationList = 65B2A4E82C391A3E00F14762 /* Build configuration list for PBXNativeTarget "neoBankClone" */;
			buildPhases = (
				65B2A4BA2C391A3C00F14762 /* Sources */,
				65B2A4BB2C391A3C00F14762 /* Frameworks */,
				65B2A4BC2C391A3C00F14762 /* Resources */,
			);
			buildRules = (
			);
			dependencies = (
			);
			name = neoBankClone;
			productName = neoBankClone;
			productReference = 65B2A4BE2C391A3C00F14762 /* neoBankClone.app */;
			productType = "com.apple.product-type.application";
		};
		65B2A4D32C391A3E00F14762 /* neoBankCloneTests */ = {
			isa = PBXNativeTarget;
			buildConfigurationList = 65B2A4EB2C391A3E00F14762 /* Build configuration list for PBXNativeTarget "neoBankCloneTests" */;
			buildPhases = (
				65B2A4D02C391A3E00F14762 /* Sources */,
				65B2A4D12C391A3E00F14762 /* Frameworks */,
				65B2A4D22C391A3E00F14762 /* Resources */,
			);
			buildRules = (
			);
			dependencies = (
				65B2A4D62C391A3E00F14762 /* PBXTargetDependency */,
			);
			name = neoBankCloneTests;
			productName = neoBankCloneTests;
			productReference = 65B2A4D42C391A3E00F14762 /* neoBankCloneTests.xctest */;
			productType = "com.apple.product-type.bundle.unit-test";
		};
		65B2A4DD2C391A3E00F14762 /* neoBankCloneUITests */ = {
			isa = PBXNativeTarget;
			buildConfigurationList = 65B2A4EE2C391A3E00F14762 /* Build configuration list for PBXNativeTarget "neoBankCloneUITests" */;
			buildPhases = (
				65B2A4DA2C391A3E00F14762 /* Sources */,
				65B2A4DB2C391A3E00F14762 /* Frameworks */,
				65B2A4DC2C391A3E00F14762 /* Resources */,
			);
			buildRules = (
			);
			dependencies = (
				65B2A4E02C391A3E00F14762 /* PBXTargetDependency */,
			);
			name = neoBankCloneUITests;
			productName = neoBankCloneUITests;
			productReference = 65B2A4DE2C391A3E00F14762 /* neoBankCloneUITests.xctest */;
			productType = "com.apple.product-type.bundle.ui-testing";
		};
/* End PBXNativeTarget section */

/* Begin PBXProject section */
		65B2A4B62C391A3B00F14762 /* Project object */ = {
			isa = PBXProject;
			attributes = {
				BuildIndependentTargetsInParallel = 1;
				LastSwiftUpdateCheck = 1540;
				LastUpgradeCheck = 1540;
				TargetAttributes = {
					65B2A4BD2C391A3C00F14762 = {
						CreatedOnToolsVersion = 15.4;
					};
					65B2A4D32C391A3E00F14762 = {
						CreatedOnToolsVersion = 15.4;
						TestTargetID = 65B2A4BD2C391A3C00F14762;
					};
					65B2A4DD2C391A3E00F14762 = {
						CreatedOnToolsVersion = 15.4;
						TestTargetID = 65B2A4BD2C391A3C00F14762;
					};
				};
			};
			buildConfigurationList = 65B2A4B92C391A3B00F14762 /* Build configuration list for PBXProject "neoBankClone" */;
			compatibilityVersion = "Xcode 14.0";
			developmentRegion = en;
			hasScannedForEncodings = 0;
			knownRegions = (
				en,
				Base,
			);
			mainGroup = 65B2A4B52C391A3B00F14762;
			productRefGroup = 65B2A4BF2C391A3C00F14762 /* Products */;
			projectDirPath = "";
			projectRoot = "";
			targets = (
				65B2A4BD2C391A3C00F14762 /* neoBankClone */,
				65B2A4D32C391A3E00F14762 /* neoBankCloneTests */,
				65B2A4DD2C391A3E00F14762 /* neoBankCloneUITests */,
			);
		};
/* End PBXProject section */

/* Begin PBXResourcesBuildPhase section */
		65B2A4BC2C391A3C00F14762 /* Resources */ = {
			isa = PBXResourcesBuildPhase;
			buildActionMask = 2147483647;
			files = (
				65BAE9A32C3D88E70066AD58 /* banklist.json in Resources */,
				65B2A4CB2C391A3D00F14762 /* Assets.xcassets in Resources */,
				65B2A5732C3A9D8000F14762 /* Poppins-Regular.ttf in Resources */,
			);
			runOnlyForDeploymentPostprocessing = 0;
		};
		65B2A4D22C391A3E00F14762 /* Resources */ = {
			isa = PBXResourcesBuildPhase;
			buildActionMask = 2147483647;
			files = (
			);
			runOnlyForDeploymentPostprocessing = 0;
		};
		65B2A4DC2C391A3E00F14762 /* Resources */ = {
			isa = PBXResourcesBuildPhase;
			buildActionMask = 2147483647;
			files = (
			);
			runOnlyForDeploymentPostprocessing = 0;
		};
/* End PBXResourcesBuildPhase section */

/* Begin PBXSourcesBuildPhase section */
		65B2A4BA2C391A3C00F14762 /* Sources */ = {
			isa = PBXSourcesBuildPhase;
			buildActionMask = 2147483647;
			files = (
				65B2A5652C3A628400F14762 /* UIView+Extensions.swift in Sources */,
				65B2A55F2C3A598000F14762 /* ProductDetailPagePresenter.swift in Sources */,
				65B2A5682C3A63A400F14762 /* NeoProductDetailHeaderTableViewCell.swift in Sources */,
				65B2A4C22C391A3C00F14762 /* AppDelegate.swift in Sources */,
				65B2A56C2C3A698C00F14762 /* UIViewController+Extensions.swift in Sources */,
				65B2A5482C393FCD00F14762 /* RestApiServices.swift in Sources */,
				65B2A55B2C3A596A00F14762 /* ProductDetailPageRouter.swift in Sources */,
				65B2A54D2C398DE400F14762 /* DynamicTableView.swift in Sources */,
				65B2A55D2C3A597200F14762 /* ProductDetailPageInteractor.swift in Sources */,
				65BAE9412C3BE8060066AD58 /* Double+Extensions.swift in Sources */,
				65B2A5522C39953F00F14762 /* UIColor+Extensions.swift in Sources */,
				65B2A5702C3A9C4900F14762 /* UIFont+Extensions.swift in Sources */,
				65B2A5752C3AE49400F14762 /* NeoProductRolloverTableViewCell.swift in Sources */,
				65BAE94D2C3C41A90066AD58 /* NominalCollectionViewCell.swift in Sources */,
				65B2A53A2C39355C00F14762 /* LandingPagePresenter.swift in Sources */,
				65BAE9652C3D80150066AD58 /* ProductPaymentInteractor.swift in Sources */,
				65BAE9672C3D82220066AD58 /* JSONDecoder.swift in Sources */,
				65BAE9692C3D84A80066AD58 /* PaymentDataModel.swift in Sources */,
				65BAE9432C3C1EDD0066AD58 /* RolloverPopupModalViewController.swift in Sources */,
				65B2A5612C3A5C6700F14762 /* ProductDetailViewController.swift in Sources */,
				65B2A5462C393D3B00F14762 /* RestApiRequestInput.swift in Sources */,
				651517F12C3DABF600BAFA56 /* LandingPageContract.swift in Sources */,
				65BAE9612C3D6D320066AD58 /* NeoProductPaymentMethodTableViewCell.swift in Sources */,
				65B2A5542C39A1A100F14762 /* UILabel+Extensions.swift in Sources */,
				65B2A4C42C391A3C00F14762 /* SceneDelegate.swift in Sources */,
				65BAE93F2C3BDD3A0066AD58 /* UITextField+Extensions.swift in Sources */,
				65BAE9512C3C45A40066AD58 /* NeoProductDetailSelectionModel.swift in Sources */,
				65BAE94A2C3C41770066AD58 /* LeftAlignedCollectionViewFlowLayout.swift in Sources */,
				65B2A53C2C39357B00F14762 /* LandingPageRouter.swift in Sources */,
				65B2A5562C39A3F700F14762 /* Int+Extensions.swift in Sources */,
				65BAE9552C3C48AA0066AD58 /* ProductPaymentViewController.swift in Sources */,
				65B2A5422C393CEA00F14762 /* RestApiRequest.swift in Sources */,
				65BAE9572C3C48E50066AD58 /* ProductPaymentRouter.swift in Sources */,
				65B2A4F32C391B3500F14762 /* LandingPageViewController.swift in Sources */,
				651517ED2C3D9C9700BAFA56 /* ProductPaymentContract.swift in Sources */,
				65B2A5772C3AE92B00F14762 /* NeoProductOpeningTableViewCell.swift in Sources */,
				65BAE9482C3C22340066AD58 /* HalfScreenPresentationController.swift in Sources */,
				65BAE95B2C3CE5740066AD58 /* NeoProductPaymentHeaderTableViewCell.swift in Sources */,
				65BAE9462C3C20F00066AD58 /* BottomSheetOptionTableViewCell.swift in Sources */,
				65B2A56A2C3A661400F14762 /* NeoProductDetailAmountTableViewCell.swift in Sources */,
				65B2A56E2C3A7CB800F14762 /* CustomCellSeparatorView.swift in Sources */,
				65B2A54B2C39528D00F14762 /* NeoProductModel.swift in Sources */,
				651517EF2C3DA34700BAFA56 /* ProductDetailPageContract.swift in Sources */,
				65BAE95D2C3CFD110066AD58 /* PaddingLabel.swift in Sources */,
				65BAE95F2C3CFFF90066AD58 /* NeoProductPaymentListTableViewCell.swift in Sources */,
				65B2A5632C3A61CF00F14762 /* Theme.swift in Sources */,
				65BAE96B2C3D84CA0066AD58 /* ProductPaymentPresenter.swift in Sources */,
				65B2A5502C398E2100F14762 /* NeoProductTableViewCell.swift in Sources */,
				65B2A5382C39354900F14762 /* LandingPageInteractor.swift in Sources */,
			);
			runOnlyForDeploymentPostprocessing = 0;
		};
		65B2A4D02C391A3E00F14762 /* Sources */ = {
			isa = PBXSourcesBuildPhase;
			buildActionMask = 2147483647;
			files = (
				65B2A4D92C391A3E00F14762 /* neoBankCloneTests.swift in Sources */,
			);
			runOnlyForDeploymentPostprocessing = 0;
		};
		65B2A4DA2C391A3E00F14762 /* Sources */ = {
			isa = PBXSourcesBuildPhase;
			buildActionMask = 2147483647;
			files = (
				65B2A4E32C391A3E00F14762 /* neoBankCloneUITests.swift in Sources */,
				65B2A4E52C391A3E00F14762 /* neoBankCloneUITestsLaunchTests.swift in Sources */,
			);
			runOnlyForDeploymentPostprocessing = 0;
		};
/* End PBXSourcesBuildPhase section */

/* Begin PBXTargetDependency section */
		65B2A4D62C391A3E00F14762 /* PBXTargetDependency */ = {
			isa = PBXTargetDependency;
			target = 65B2A4BD2C391A3C00F14762 /* neoBankClone */;
			targetProxy = 65B2A4D52C391A3E00F14762 /* PBXContainerItemProxy */;
		};
		65B2A4E02C391A3E00F14762 /* PBXTargetDependency */ = {
			isa = PBXTargetDependency;
			target = 65B2A4BD2C391A3C00F14762 /* neoBankClone */;
			targetProxy = 65B2A4DF2C391A3E00F14762 /* PBXContainerItemProxy */;
		};
/* End PBXTargetDependency section */

/* Begin XCBuildConfiguration section */
		65B2A4E62C391A3E00F14762 /* Debug */ = {
			isa = XCBuildConfiguration;
			buildSettings = {
				ALWAYS_SEARCH_USER_PATHS = NO;
				ASSETCATALOG_COMPILER_GENERATE_SWIFT_ASSET_SYMBOL_EXTENSIONS = YES;
				CLANG_ANALYZER_NONNULL = YES;
				CLANG_ANALYZER_NUMBER_OBJECT_CONVERSION = YES_AGGRESSIVE;
				CLANG_CXX_LANGUAGE_STANDARD = "gnu++20";
				CLANG_ENABLE_MODULES = YES;
				CLANG_ENABLE_OBJC_ARC = YES;
				CLANG_ENABLE_OBJC_WEAK = YES;
				CLANG_WARN_BLOCK_CAPTURE_AUTORELEASING = YES;
				CLANG_WARN_BOOL_CONVERSION = YES;
				CLANG_WARN_COMMA = YES;
				CLANG_WARN_CONSTANT_CONVERSION = YES;
				CLANG_WARN_DEPRECATED_OBJC_IMPLEMENTATIONS = YES;
				CLANG_WARN_DIRECT_OBJC_ISA_USAGE = YES_ERROR;
				CLANG_WARN_DOCUMENTATION_COMMENTS = YES;
				CLANG_WARN_EMPTY_BODY = YES;
				CLANG_WARN_ENUM_CONVERSION = YES;
				CLANG_WARN_INFINITE_RECURSION = YES;
				CLANG_WARN_INT_CONVERSION = YES;
				CLANG_WARN_NON_LITERAL_NULL_CONVERSION = YES;
				CLANG_WARN_OBJC_IMPLICIT_RETAIN_SELF = YES;
				CLANG_WARN_OBJC_LITERAL_CONVERSION = YES;
				CLANG_WARN_OBJC_ROOT_CLASS = YES_ERROR;
				CLANG_WARN_QUOTED_INCLUDE_IN_FRAMEWORK_HEADER = YES;
				CLANG_WARN_RANGE_LOOP_ANALYSIS = YES;
				CLANG_WARN_STRICT_PROTOTYPES = YES;
				CLANG_WARN_SUSPICIOUS_MOVE = YES;
				CLANG_WARN_UNGUARDED_AVAILABILITY = YES_AGGRESSIVE;
				CLANG_WARN_UNREACHABLE_CODE = YES;
				CLANG_WARN__DUPLICATE_METHOD_MATCH = YES;
				COPY_PHASE_STRIP = NO;
				DEBUG_INFORMATION_FORMAT = dwarf;
				ENABLE_STRICT_OBJC_MSGSEND = YES;
				ENABLE_TESTABILITY = YES;
				ENABLE_USER_SCRIPT_SANDBOXING = YES;
				GCC_C_LANGUAGE_STANDARD = gnu17;
				GCC_DYNAMIC_NO_PIC = NO;
				GCC_NO_COMMON_BLOCKS = YES;
				GCC_OPTIMIZATION_LEVEL = 0;
				GCC_PREPROCESSOR_DEFINITIONS = (
					"DEBUG=1",
					"$(inherited)",
				);
				GCC_WARN_64_TO_32_BIT_CONVERSION = YES;
				GCC_WARN_ABOUT_RETURN_TYPE = YES_ERROR;
				GCC_WARN_UNDECLARED_SELECTOR = YES;
				GCC_WARN_UNINITIALIZED_AUTOS = YES_AGGRESSIVE;
				GCC_WARN_UNUSED_FUNCTION = YES;
				GCC_WARN_UNUSED_VARIABLE = YES;
				IPHONEOS_DEPLOYMENT_TARGET = 14.0;
				LOCALIZATION_PREFERS_STRING_CATALOGS = YES;
				MTL_ENABLE_DEBUG_INFO = INCLUDE_SOURCE;
				MTL_FAST_MATH = YES;
				ONLY_ACTIVE_ARCH = YES;
				SDKROOT = iphoneos;
				SWIFT_ACTIVE_COMPILATION_CONDITIONS = "DEBUG $(inherited)";
				SWIFT_OPTIMIZATION_LEVEL = "-Onone";
			};
			name = Debug;
		};
		65B2A4E72C391A3E00F14762 /* Release */ = {
			isa = XCBuildConfiguration;
			buildSettings = {
				ALWAYS_SEARCH_USER_PATHS = NO;
				ASSETCATALOG_COMPILER_GENERATE_SWIFT_ASSET_SYMBOL_EXTENSIONS = YES;
				CLANG_ANALYZER_NONNULL = YES;
				CLANG_ANALYZER_NUMBER_OBJECT_CONVERSION = YES_AGGRESSIVE;
				CLANG_CXX_LANGUAGE_STANDARD = "gnu++20";
				CLANG_ENABLE_MODULES = YES;
				CLANG_ENABLE_OBJC_ARC = YES;
				CLANG_ENABLE_OBJC_WEAK = YES;
				CLANG_WARN_BLOCK_CAPTURE_AUTORELEASING = YES;
				CLANG_WARN_BOOL_CONVERSION = YES;
				CLANG_WARN_COMMA = YES;
				CLANG_WARN_CONSTANT_CONVERSION = YES;
				CLANG_WARN_DEPRECATED_OBJC_IMPLEMENTATIONS = YES;
				CLANG_WARN_DIRECT_OBJC_ISA_USAGE = YES_ERROR;
				CLANG_WARN_DOCUMENTATION_COMMENTS = YES;
				CLANG_WARN_EMPTY_BODY = YES;
				CLANG_WARN_ENUM_CONVERSION = YES;
				CLANG_WARN_INFINITE_RECURSION = YES;
				CLANG_WARN_INT_CONVERSION = YES;
				CLANG_WARN_NON_LITERAL_NULL_CONVERSION = YES;
				CLANG_WARN_OBJC_IMPLICIT_RETAIN_SELF = YES;
				CLANG_WARN_OBJC_LITERAL_CONVERSION = YES;
				CLANG_WARN_OBJC_ROOT_CLASS = YES_ERROR;
				CLANG_WARN_QUOTED_INCLUDE_IN_FRAMEWORK_HEADER = YES;
				CLANG_WARN_RANGE_LOOP_ANALYSIS = YES;
				CLANG_WARN_STRICT_PROTOTYPES = YES;
				CLANG_WARN_SUSPICIOUS_MOVE = YES;
				CLANG_WARN_UNGUARDED_AVAILABILITY = YES_AGGRESSIVE;
				CLANG_WARN_UNREACHABLE_CODE = YES;
				CLANG_WARN__DUPLICATE_METHOD_MATCH = YES;
				COPY_PHASE_STRIP = NO;
				DEBUG_INFORMATION_FORMAT = "dwarf-with-dsym";
				ENABLE_NS_ASSERTIONS = NO;
				ENABLE_STRICT_OBJC_MSGSEND = YES;
				ENABLE_USER_SCRIPT_SANDBOXING = YES;
				GCC_C_LANGUAGE_STANDARD = gnu17;
				GCC_NO_COMMON_BLOCKS = YES;
				GCC_WARN_64_TO_32_BIT_CONVERSION = YES;
				GCC_WARN_ABOUT_RETURN_TYPE = YES_ERROR;
				GCC_WARN_UNDECLARED_SELECTOR = YES;
				GCC_WARN_UNINITIALIZED_AUTOS = YES_AGGRESSIVE;
				GCC_WARN_UNUSED_FUNCTION = YES;
				GCC_WARN_UNUSED_VARIABLE = YES;
				IPHONEOS_DEPLOYMENT_TARGET = 14.0;
				LOCALIZATION_PREFERS_STRING_CATALOGS = YES;
				MTL_ENABLE_DEBUG_INFO = NO;
				MTL_FAST_MATH = YES;
				SDKROOT = iphoneos;
				SWIFT_COMPILATION_MODE = wholemodule;
				VALIDATE_PRODUCT = YES;
			};
			name = Release;
		};
		65B2A4E92C391A3E00F14762 /* Debug */ = {
			isa = XCBuildConfiguration;
			buildSettings = {
				ASSETCATALOG_COMPILER_APPICON_NAME = AppIcon;
				ASSETCATALOG_COMPILER_GLOBAL_ACCENT_COLOR_NAME = AccentColor;
				CODE_SIGN_STYLE = Automatic;
				CURRENT_PROJECT_VERSION = 1;
				GENERATE_INFOPLIST_FILE = YES;
				INFOPLIST_FILE = neoBankClone/Info.plist;
				INFOPLIST_KEY_UIApplicationSupportsIndirectInputEvents = YES;
				INFOPLIST_KEY_UILaunchStoryboardName = LaunchScreen;
				INFOPLIST_KEY_UISupportedInterfaceOrientations = UIInterfaceOrientationPortrait;
				INFOPLIST_KEY_UISupportedInterfaceOrientations_iPad = "UIInterfaceOrientationLandscapeLeft UIInterfaceOrientationLandscapeRight UIInterfaceOrientationPortrait UIInterfaceOrientationPortraitUpsideDown";
				LD_RUNPATH_SEARCH_PATHS = (
					"$(inherited)",
					"@executable_path/Frameworks",
				);
				MARKETING_VERSION = 1.0;
				PRODUCT_BUNDLE_IDENTIFIER = com.anugrahdev.neoBankClone;
				PRODUCT_NAME = "$(TARGET_NAME)";
				SUPPORTED_PLATFORMS = "iphoneos iphonesimulator";
				SUPPORTS_MACCATALYST = NO;
				SUPPORTS_MAC_DESIGNED_FOR_IPHONE_IPAD = NO;
				SUPPORTS_XR_DESIGNED_FOR_IPHONE_IPAD = NO;
				SWIFT_EMIT_LOC_STRINGS = YES;
				SWIFT_VERSION = 5.0;
				TARGETED_DEVICE_FAMILY = 1;
			};
			name = Debug;
		};
		65B2A4EA2C391A3E00F14762 /* Release */ = {
			isa = XCBuildConfiguration;
			buildSettings = {
				ASSETCATALOG_COMPILER_APPICON_NAME = AppIcon;
				ASSETCATALOG_COMPILER_GLOBAL_ACCENT_COLOR_NAME = AccentColor;
				CODE_SIGN_STYLE = Automatic;
				CURRENT_PROJECT_VERSION = 1;
				GENERATE_INFOPLIST_FILE = YES;
				INFOPLIST_FILE = neoBankClone/Info.plist;
				INFOPLIST_KEY_UIApplicationSupportsIndirectInputEvents = YES;
				INFOPLIST_KEY_UILaunchStoryboardName = LaunchScreen;
				INFOPLIST_KEY_UISupportedInterfaceOrientations = UIInterfaceOrientationPortrait;
				INFOPLIST_KEY_UISupportedInterfaceOrientations_iPad = "UIInterfaceOrientationLandscapeLeft UIInterfaceOrientationLandscapeRight UIInterfaceOrientationPortrait UIInterfaceOrientationPortraitUpsideDown";
				LD_RUNPATH_SEARCH_PATHS = (
					"$(inherited)",
					"@executable_path/Frameworks",
				);
				MARKETING_VERSION = 1.0;
				PRODUCT_BUNDLE_IDENTIFIER = com.anugrahdev.neoBankClone;
				PRODUCT_NAME = "$(TARGET_NAME)";
				SUPPORTED_PLATFORMS = "iphoneos iphonesimulator";
				SUPPORTS_MACCATALYST = NO;
				SUPPORTS_MAC_DESIGNED_FOR_IPHONE_IPAD = NO;
				SUPPORTS_XR_DESIGNED_FOR_IPHONE_IPAD = NO;
				SWIFT_EMIT_LOC_STRINGS = YES;
				SWIFT_VERSION = 5.0;
				TARGETED_DEVICE_FAMILY = 1;
			};
			name = Release;
		};
		65B2A4EC2C391A3E00F14762 /* Debug */ = {
			isa = XCBuildConfiguration;
			buildSettings = {
				ALWAYS_EMBED_SWIFT_STANDARD_LIBRARIES = YES;
				BUNDLE_LOADER = "$(TEST_HOST)";
				CODE_SIGN_STYLE = Automatic;
				CURRENT_PROJECT_VERSION = 1;
				GENERATE_INFOPLIST_FILE = YES;
				IPHONEOS_DEPLOYMENT_TARGET = 17.5;
				MARKETING_VERSION = 1.0;
				PRODUCT_BUNDLE_IDENTIFIER = com.anugrahdev.neoBankCloneTests;
				PRODUCT_NAME = "$(TARGET_NAME)";
				SWIFT_EMIT_LOC_STRINGS = NO;
				SWIFT_VERSION = 5.0;
				TARGETED_DEVICE_FAMILY = "1,2";
				TEST_HOST = "$(BUILT_PRODUCTS_DIR)/neoBankClone.app/$(BUNDLE_EXECUTABLE_FOLDER_PATH)/neoBankClone";
			};
			name = Debug;
		};
		65B2A4ED2C391A3E00F14762 /* Release */ = {
			isa = XCBuildConfiguration;
			buildSettings = {
				ALWAYS_EMBED_SWIFT_STANDARD_LIBRARIES = YES;
				BUNDLE_LOADER = "$(TEST_HOST)";
				CODE_SIGN_STYLE = Automatic;
				CURRENT_PROJECT_VERSION = 1;
				GENERATE_INFOPLIST_FILE = YES;
				IPHONEOS_DEPLOYMENT_TARGET = 17.5;
				MARKETING_VERSION = 1.0;
				PRODUCT_BUNDLE_IDENTIFIER = com.anugrahdev.neoBankCloneTests;
				PRODUCT_NAME = "$(TARGET_NAME)";
				SWIFT_EMIT_LOC_STRINGS = NO;
				SWIFT_VERSION = 5.0;
				TARGETED_DEVICE_FAMILY = "1,2";
				TEST_HOST = "$(BUILT_PRODUCTS_DIR)/neoBankClone.app/$(BUNDLE_EXECUTABLE_FOLDER_PATH)/neoBankClone";
			};
			name = Release;
		};
		65B2A4EF2C391A3E00F14762 /* Debug */ = {
			isa = XCBuildConfiguration;
			buildSettings = {
				ALWAYS_EMBED_SWIFT_STANDARD_LIBRARIES = YES;
				CODE_SIGN_STYLE = Automatic;
				CURRENT_PROJECT_VERSION = 1;
				GENERATE_INFOPLIST_FILE = YES;
				MARKETING_VERSION = 1.0;
				PRODUCT_BUNDLE_IDENTIFIER = com.anugrahdev.neoBankCloneUITests;
				PRODUCT_NAME = "$(TARGET_NAME)";
				SWIFT_EMIT_LOC_STRINGS = NO;
				SWIFT_VERSION = 5.0;
				TARGETED_DEVICE_FAMILY = "1,2";
				TEST_TARGET_NAME = neoBankClone;
			};
			name = Debug;
		};
		65B2A4F02C391A3E00F14762 /* Release */ = {
			isa = XCBuildConfiguration;
			buildSettings = {
				ALWAYS_EMBED_SWIFT_STANDARD_LIBRARIES = YES;
				CODE_SIGN_STYLE = Automatic;
				CURRENT_PROJECT_VERSION = 1;
				GENERATE_INFOPLIST_FILE = YES;
				MARKETING_VERSION = 1.0;
				PRODUCT_BUNDLE_IDENTIFIER = com.anugrahdev.neoBankCloneUITests;
				PRODUCT_NAME = "$(TARGET_NAME)";
				SWIFT_EMIT_LOC_STRINGS = NO;
				SWIFT_VERSION = 5.0;
				TARGETED_DEVICE_FAMILY = "1,2";
				TEST_TARGET_NAME = neoBankClone;
			};
			name = Release;
		};
/* End XCBuildConfiguration section */

/* Begin XCConfigurationList section */
		65B2A4B92C391A3B00F14762 /* Build configuration list for PBXProject "neoBankClone" */ = {
			isa = XCConfigurationList;
			buildConfigurations = (
				65B2A4E62C391A3E00F14762 /* Debug */,
				65B2A4E72C391A3E00F14762 /* Release */,
			);
			defaultConfigurationIsVisible = 0;
			defaultConfigurationName = Release;
		};
		65B2A4E82C391A3E00F14762 /* Build configuration list for PBXNativeTarget "neoBankClone" */ = {
			isa = XCConfigurationList;
			buildConfigurations = (
				65B2A4E92C391A3E00F14762 /* Debug */,
				65B2A4EA2C391A3E00F14762 /* Release */,
			);
			defaultConfigurationIsVisible = 0;
			defaultConfigurationName = Release;
		};
		65B2A4EB2C391A3E00F14762 /* Build configuration list for PBXNativeTarget "neoBankCloneTests" */ = {
			isa = XCConfigurationList;
			buildConfigurations = (
				65B2A4EC2C391A3E00F14762 /* Debug */,
				65B2A4ED2C391A3E00F14762 /* Release */,
			);
			defaultConfigurationIsVisible = 0;
			defaultConfigurationName = Release;
		};
		65B2A4EE2C391A3E00F14762 /* Build configuration list for PBXNativeTarget "neoBankCloneUITests" */ = {
			isa = XCConfigurationList;
			buildConfigurations = (
				65B2A4EF2C391A3E00F14762 /* Debug */,
				65B2A4F02C391A3E00F14762 /* Release */,
			);
			defaultConfigurationIsVisible = 0;
			defaultConfigurationName = Release;
		};
/* End XCConfigurationList section */
	};
	rootObject = 65B2A4B62C391A3B00F14762 /* Project object */;
}
